// !$*UTF8*$!
{
	archiveVersion = 1;
	classes = {
	};
	objectVersion = 46;
	objects = {

/* Begin PBXBuildFile section */
		091AD4051F4F781B0093C0D7 /* globals.cpp in Sources */ = {isa = PBXBuildFile; fileRef = 091AD4041F4F781B0093C0D7 /* globals.cpp */; };
		09722B891F4F4F33000CF83C /* data.xml in Resources */ = {isa = PBXBuildFile; fileRef = 09722B881F4F4F33000CF83C /* data.xml */; };
		09722B8E1F4F5D25000CF83C /* cloud.cpp in Sources */ = {isa = PBXBuildFile; fileRef = 09722B8D1F4F5D25000CF83C /* cloud.cpp */; };
		09722B921F4F609A000CF83C /* basic_functions.cpp in Sources */ = {isa = PBXBuildFile; fileRef = 09722B901F4F609A000CF83C /* basic_functions.cpp */; };
		09EC02251F50ACDD00E266F6 /* ground.cpp in Sources */ = {isa = PBXBuildFile; fileRef = 09EC02231F50ACDD00E266F6 /* ground.cpp */; };
		09EC02281F50AE6D00E266F6 /* ceilling.cpp in Sources */ = {isa = PBXBuildFile; fileRef = 09EC02261F50AE6D00E266F6 /* ceilling.cpp */; };
		09EC022B1F50B05300E266F6 /* obstacle.cpp in Sources */ = {isa = PBXBuildFile; fileRef = 09EC02291F50B05300E266F6 /* obstacle.cpp */; };
		09EC022E1F50B1CB00E266F6 /* storm.cpp in Sources */ = {isa = PBXBuildFile; fileRef = 09EC022C1F50B1CB00E266F6 /* storm.cpp */; };
		09EC02311F50B33400E266F6 /* tornado.cpp in Sources */ = {isa = PBXBuildFile; fileRef = 09EC022F1F50B33400E266F6 /* tornado.cpp */; };
		09EC02341F50B57000E266F6 /* block.cpp in Sources */ = {isa = PBXBuildFile; fileRef = 09EC02321F50B57000E266F6 /* block.cpp */; };
		4522984A1EDD6DD100E78D32 /* ResourcePath.mm in Sources */ = {isa = PBXBuildFile; fileRef = 452298491EDD6DD100E78D32 /* ResourcePath.mm */; };
		4522984D1EDD6DD100E78D32 /* main.cpp in Sources */ = {isa = PBXBuildFile; fileRef = 4522984C1EDD6DD100E78D32 /* main.cpp */; };
		452298501EDD6DD100E78D32 /* cute_image.jpg in Resources */ = {isa = PBXBuildFile; fileRef = 4522984F1EDD6DD100E78D32 /* cute_image.jpg */; };
		452298521EDD6DD100E78D32 /* nice_music.ogg in Resources */ = {isa = PBXBuildFile; fileRef = 452298511EDD6DD100E78D32 /* nice_music.ogg */; };
		452298541EDD6DD100E78D32 /* sansation.ttf in Resources */ = {isa = PBXBuildFile; fileRef = 452298531EDD6DD100E78D32 /* sansation.ttf */; };
		452298561EDD6DD100E78D32 /* icon.png in Resources */ = {isa = PBXBuildFile; fileRef = 452298551EDD6DD100E78D32 /* icon.png */; };
		455C4CA21ED83FF300271814 /* ResourcePath.mm in Sources */ = {isa = PBXBuildFile; fileRef = 455C4CA11ED83FF300271814 /* ResourcePath.mm */; };
		455C4CA51ED83FF300271814 /* main.cpp in Sources */ = {isa = PBXBuildFile; fileRef = 455C4CA41ED83FF300271814 /* main.cpp */; };
		455C4CAC1ED83FF300271814 /* sansation.ttf in Resources */ = {isa = PBXBuildFile; fileRef = 455C4CAB1ED83FF300271814 /* sansation.ttf */; };
		455C4CAE1ED83FF300271814 /* icon.png in Resources */ = {isa = PBXBuildFile; fileRef = 455C4CAD1ED83FF300271814 /* icon.png */; };
		455E14EC1EDC6704004E9EC1 /* ground.png in Resources */ = {isa = PBXBuildFile; fileRef = 455E14EB1EDC6704004E9EC1 /* ground.png */; };
		455E14F41EDC81A6004E9EC1 /* storm.png in Resources */ = {isa = PBXBuildFile; fileRef = 455E14F31EDC81A6004E9EC1 /* storm.png */; };
		4579EE2C1EDB46BC009BDB15 /* cloud.png in Resources */ = {isa = PBXBuildFile; fileRef = 4579EE2B1EDB46BC009BDB15 /* cloud.png */; };
		4579EE331EDB566C009BDB15 /* pugixml.cpp in Sources */ = {isa = PBXBuildFile; fileRef = 4579EE311EDB566C009BDB15 /* pugixml.cpp */; };
		457FCE621EE9A1EE006D1863 /* ceilling.png in Resources */ = {isa = PBXBuildFile; fileRef = 457FCE611EE9A1EE006D1863 /* ceilling.png */; };
		457FCE6A1EE9A857006D1863 /* tornado.png in Resources */ = {isa = PBXBuildFile; fileRef = 457FCE691EE9A857006D1863 /* tornado.png */; };
		45D4B9661EF27E310082A079 /* ground2.png in Resources */ = {isa = PBXBuildFile; fileRef = 45D4B9651EF27E310082A079 /* ground2.png */; };
		45F268D31ED84FA900372566 /* b2BroadPhase.cpp in Sources */ = {isa = PBXBuildFile; fileRef = 45F268711ED84FA800372566 /* b2BroadPhase.cpp */; };
		45F268D41ED84FA900372566 /* b2CollideCircle.cpp in Sources */ = {isa = PBXBuildFile; fileRef = 45F268731ED84FA800372566 /* b2CollideCircle.cpp */; };
		45F268D51ED84FA900372566 /* b2CollideEdge.cpp in Sources */ = {isa = PBXBuildFile; fileRef = 45F268741ED84FA800372566 /* b2CollideEdge.cpp */; };
		45F268D61ED84FA900372566 /* b2CollidePolygon.cpp in Sources */ = {isa = PBXBuildFile; fileRef = 45F268751ED84FA800372566 /* b2CollidePolygon.cpp */; };
		45F268D71ED84FA900372566 /* b2Collision.cpp in Sources */ = {isa = PBXBuildFile; fileRef = 45F268761ED84FA800372566 /* b2Collision.cpp */; };
		45F268D81ED84FA900372566 /* b2Distance.cpp in Sources */ = {isa = PBXBuildFile; fileRef = 45F268781ED84FA800372566 /* b2Distance.cpp */; };
		45F268D91ED84FA900372566 /* b2DynamicTree.cpp in Sources */ = {isa = PBXBuildFile; fileRef = 45F2687A1ED84FA800372566 /* b2DynamicTree.cpp */; };
		45F268DA1ED84FA900372566 /* b2TimeOfImpact.cpp in Sources */ = {isa = PBXBuildFile; fileRef = 45F2687C1ED84FA800372566 /* b2TimeOfImpact.cpp */; };
		45F268DB1ED84FA900372566 /* b2ChainShape.cpp in Sources */ = {isa = PBXBuildFile; fileRef = 45F2687F1ED84FA800372566 /* b2ChainShape.cpp */; };
		45F268DC1ED84FA900372566 /* b2CircleShape.cpp in Sources */ = {isa = PBXBuildFile; fileRef = 45F268811ED84FA800372566 /* b2CircleShape.cpp */; };
		45F268DD1ED84FA900372566 /* b2EdgeShape.cpp in Sources */ = {isa = PBXBuildFile; fileRef = 45F268831ED84FA800372566 /* b2EdgeShape.cpp */; };
		45F268DE1ED84FA900372566 /* b2PolygonShape.cpp in Sources */ = {isa = PBXBuildFile; fileRef = 45F268851ED84FA800372566 /* b2PolygonShape.cpp */; };
		45F268DF1ED84FA900372566 /* b2BlockAllocator.cpp in Sources */ = {isa = PBXBuildFile; fileRef = 45F268891ED84FA800372566 /* b2BlockAllocator.cpp */; };
		45F268E01ED84FA900372566 /* b2Draw.cpp in Sources */ = {isa = PBXBuildFile; fileRef = 45F2688B1ED84FA800372566 /* b2Draw.cpp */; };
		45F268E11ED84FA900372566 /* b2Math.cpp in Sources */ = {isa = PBXBuildFile; fileRef = 45F2688E1ED84FA800372566 /* b2Math.cpp */; };
		45F268E21ED84FA900372566 /* b2Settings.cpp in Sources */ = {isa = PBXBuildFile; fileRef = 45F268901ED84FA800372566 /* b2Settings.cpp */; };
		45F268E31ED84FA900372566 /* b2StackAllocator.cpp in Sources */ = {isa = PBXBuildFile; fileRef = 45F268921ED84FA800372566 /* b2StackAllocator.cpp */; };
		45F268E41ED84FA900372566 /* b2Timer.cpp in Sources */ = {isa = PBXBuildFile; fileRef = 45F268941ED84FA800372566 /* b2Timer.cpp */; };
		45F268E51ED84FA900372566 /* b2Body.cpp in Sources */ = {isa = PBXBuildFile; fileRef = 45F268971ED84FA800372566 /* b2Body.cpp */; };
		45F268E61ED84FA900372566 /* b2ContactManager.cpp in Sources */ = {isa = PBXBuildFile; fileRef = 45F268991ED84FA900372566 /* b2ContactManager.cpp */; };
		45F268E71ED84FA900372566 /* b2Fixture.cpp in Sources */ = {isa = PBXBuildFile; fileRef = 45F2689B1ED84FA900372566 /* b2Fixture.cpp */; };
		45F268E81ED84FA900372566 /* b2Island.cpp in Sources */ = {isa = PBXBuildFile; fileRef = 45F2689D1ED84FA900372566 /* b2Island.cpp */; };
		45F268E91ED84FA900372566 /* b2World.cpp in Sources */ = {isa = PBXBuildFile; fileRef = 45F268A01ED84FA900372566 /* b2World.cpp */; };
		45F268EA1ED84FA900372566 /* b2WorldCallbacks.cpp in Sources */ = {isa = PBXBuildFile; fileRef = 45F268A21ED84FA900372566 /* b2WorldCallbacks.cpp */; };
		45F268EB1ED84FA900372566 /* b2ChainAndCircleContact.cpp in Sources */ = {isa = PBXBuildFile; fileRef = 45F268A51ED84FA900372566 /* b2ChainAndCircleContact.cpp */; };
		45F268EC1ED84FA900372566 /* b2ChainAndPolygonContact.cpp in Sources */ = {isa = PBXBuildFile; fileRef = 45F268A71ED84FA900372566 /* b2ChainAndPolygonContact.cpp */; };
		45F268ED1ED84FA900372566 /* b2CircleContact.cpp in Sources */ = {isa = PBXBuildFile; fileRef = 45F268A91ED84FA900372566 /* b2CircleContact.cpp */; };
		45F268EE1ED84FA900372566 /* b2Contact.cpp in Sources */ = {isa = PBXBuildFile; fileRef = 45F268AB1ED84FA900372566 /* b2Contact.cpp */; };
		45F268EF1ED84FA900372566 /* b2ContactSolver.cpp in Sources */ = {isa = PBXBuildFile; fileRef = 45F268AD1ED84FA900372566 /* b2ContactSolver.cpp */; };
		45F268F01ED84FA900372566 /* b2EdgeAndCircleContact.cpp in Sources */ = {isa = PBXBuildFile; fileRef = 45F268AF1ED84FA900372566 /* b2EdgeAndCircleContact.cpp */; };
		45F268F11ED84FA900372566 /* b2EdgeAndPolygonContact.cpp in Sources */ = {isa = PBXBuildFile; fileRef = 45F268B11ED84FA900372566 /* b2EdgeAndPolygonContact.cpp */; };
		45F268F21ED84FA900372566 /* b2PolygonAndCircleContact.cpp in Sources */ = {isa = PBXBuildFile; fileRef = 45F268B31ED84FA900372566 /* b2PolygonAndCircleContact.cpp */; };
		45F268F31ED84FA900372566 /* b2PolygonContact.cpp in Sources */ = {isa = PBXBuildFile; fileRef = 45F268B51ED84FA900372566 /* b2PolygonContact.cpp */; };
		45F268F41ED84FA900372566 /* b2DistanceJoint.cpp in Sources */ = {isa = PBXBuildFile; fileRef = 45F268B81ED84FA900372566 /* b2DistanceJoint.cpp */; };
		45F268F51ED84FA900372566 /* b2FrictionJoint.cpp in Sources */ = {isa = PBXBuildFile; fileRef = 45F268BA1ED84FA900372566 /* b2FrictionJoint.cpp */; };
		45F268F61ED84FA900372566 /* b2GearJoint.cpp in Sources */ = {isa = PBXBuildFile; fileRef = 45F268BC1ED84FA900372566 /* b2GearJoint.cpp */; };
		45F268F71ED84FA900372566 /* b2Joint.cpp in Sources */ = {isa = PBXBuildFile; fileRef = 45F268BE1ED84FA900372566 /* b2Joint.cpp */; };
		45F268F81ED84FA900372566 /* b2MotorJoint.cpp in Sources */ = {isa = PBXBuildFile; fileRef = 45F268C01ED84FA900372566 /* b2MotorJoint.cpp */; };
		45F268F91ED84FA900372566 /* b2MouseJoint.cpp in Sources */ = {isa = PBXBuildFile; fileRef = 45F268C21ED84FA900372566 /* b2MouseJoint.cpp */; };
		45F268FA1ED84FA900372566 /* b2PrismaticJoint.cpp in Sources */ = {isa = PBXBuildFile; fileRef = 45F268C41ED84FA900372566 /* b2PrismaticJoint.cpp */; };
		45F268FB1ED84FA900372566 /* b2PulleyJoint.cpp in Sources */ = {isa = PBXBuildFile; fileRef = 45F268C61ED84FA900372566 /* b2PulleyJoint.cpp */; };
		45F268FC1ED84FA900372566 /* b2RevoluteJoint.cpp in Sources */ = {isa = PBXBuildFile; fileRef = 45F268C81ED84FA900372566 /* b2RevoluteJoint.cpp */; };
		45F268FD1ED84FA900372566 /* b2RopeJoint.cpp in Sources */ = {isa = PBXBuildFile; fileRef = 45F268CA1ED84FA900372566 /* b2RopeJoint.cpp */; };
		45F268FE1ED84FA900372566 /* b2WeldJoint.cpp in Sources */ = {isa = PBXBuildFile; fileRef = 45F268CC1ED84FA900372566 /* b2WeldJoint.cpp */; };
		45F268FF1ED84FA900372566 /* b2WheelJoint.cpp in Sources */ = {isa = PBXBuildFile; fileRef = 45F268CE1ED84FA900372566 /* b2WheelJoint.cpp */; };
		45F269001ED84FA900372566 /* b2Rope.cpp in Sources */ = {isa = PBXBuildFile; fileRef = 45F268D11ED84FA900372566 /* b2Rope.cpp */; };
		45F269021ED8500700372566 /* box.png in Resources */ = {isa = PBXBuildFile; fileRef = 45F269011ED8500700372566 /* box.png */; };
/* End PBXBuildFile section */

/* Begin PBXCopyFilesBuildPhase section */
		09EC021F1F50A70200E266F6 /* CopyFiles */ = {
			isa = PBXCopyFilesBuildPhase;
			buildActionMask = 2147483647;
			dstPath = "";
			dstSubfolderSpec = 7;
			files = (
			);
			runOnlyForDeploymentPostprocessing = 0;
		};
/* End PBXCopyFilesBuildPhase section */

/* Begin PBXFileReference section */
		091AD4041F4F781B0093C0D7 /* globals.cpp */ = {isa = PBXFileReference; fileEncoding = 4; lastKnownFileType = sourcecode.cpp.cpp; path = globals.cpp; sourceTree = "<group>"; };
		09722B881F4F4F33000CF83C /* data.xml */ = {isa = PBXFileReference; fileEncoding = 4; lastKnownFileType = text.xml; path = data.xml; sourceTree = "<group>"; };
		09722B8C1F4F592F000CF83C /* cloud.h */ = {isa = PBXFileReference; fileEncoding = 4; lastKnownFileType = sourcecode.c.h; path = cloud.h; sourceTree = "<group>"; };
		09722B8D1F4F5D25000CF83C /* cloud.cpp */ = {isa = PBXFileReference; fileEncoding = 4; lastKnownFileType = sourcecode.cpp.cpp; path = cloud.cpp; sourceTree = "<group>"; };
		09722B8F1F4F5F45000CF83C /* globals.h */ = {isa = PBXFileReference; fileEncoding = 4; lastKnownFileType = sourcecode.c.h; path = globals.h; sourceTree = "<group>"; };
		09722B901F4F609A000CF83C /* basic_functions.cpp */ = {isa = PBXFileReference; fileEncoding = 4; lastKnownFileType = sourcecode.cpp.cpp; path = basic_functions.cpp; sourceTree = "<group>"; };
		09722B911F4F609A000CF83C /* basic_functions.h */ = {isa = PBXFileReference; fileEncoding = 4; lastKnownFileType = sourcecode.c.h; path = basic_functions.h; sourceTree = "<group>"; };
		09EC02231F50ACDD00E266F6 /* ground.cpp */ = {isa = PBXFileReference; fileEncoding = 4; lastKnownFileType = sourcecode.cpp.cpp; path = ground.cpp; sourceTree = "<group>"; };
		09EC02241F50ACDD00E266F6 /* ground.hpp */ = {isa = PBXFileReference; fileEncoding = 4; lastKnownFileType = sourcecode.cpp.h; path = ground.hpp; sourceTree = "<group>"; };
		09EC02261F50AE6D00E266F6 /* ceilling.cpp */ = {isa = PBXFileReference; fileEncoding = 4; lastKnownFileType = sourcecode.cpp.cpp; path = ceilling.cpp; sourceTree = "<group>"; };
		09EC02271F50AE6D00E266F6 /* ceilling.hpp */ = {isa = PBXFileReference; fileEncoding = 4; lastKnownFileType = sourcecode.cpp.h; path = ceilling.hpp; sourceTree = "<group>"; };
		09EC02291F50B05300E266F6 /* obstacle.cpp */ = {isa = PBXFileReference; fileEncoding = 4; lastKnownFileType = sourcecode.cpp.cpp; path = obstacle.cpp; sourceTree = "<group>"; };
		09EC022A1F50B05300E266F6 /* obstacle.hpp */ = {isa = PBXFileReference; fileEncoding = 4; lastKnownFileType = sourcecode.cpp.h; path = obstacle.hpp; sourceTree = "<group>"; };
		09EC022C1F50B1CB00E266F6 /* storm.cpp */ = {isa = PBXFileReference; fileEncoding = 4; lastKnownFileType = sourcecode.cpp.cpp; path = storm.cpp; sourceTree = "<group>"; };
		09EC022D1F50B1CB00E266F6 /* storm.hpp */ = {isa = PBXFileReference; fileEncoding = 4; lastKnownFileType = sourcecode.cpp.h; path = storm.hpp; sourceTree = "<group>"; };
		09EC022F1F50B33400E266F6 /* tornado.cpp */ = {isa = PBXFileReference; fileEncoding = 4; lastKnownFileType = sourcecode.cpp.cpp; path = tornado.cpp; sourceTree = "<group>"; };
		09EC02301F50B33400E266F6 /* tornado.hpp */ = {isa = PBXFileReference; fileEncoding = 4; lastKnownFileType = sourcecode.cpp.h; path = tornado.hpp; sourceTree = "<group>"; };
		09EC02321F50B57000E266F6 /* block.cpp */ = {isa = PBXFileReference; fileEncoding = 4; lastKnownFileType = sourcecode.cpp.cpp; path = block.cpp; sourceTree = "<group>"; };
		09EC02331F50B57000E266F6 /* block.hpp */ = {isa = PBXFileReference; fileEncoding = 4; lastKnownFileType = sourcecode.cpp.h; path = block.hpp; sourceTree = "<group>"; };
		452298451EDD6DD100E78D32 /* TestFlappyCloud.app */ = {isa = PBXFileReference; explicitFileType = wrapper.application; includeInIndex = 0; path = TestFlappyCloud.app; sourceTree = BUILT_PRODUCTS_DIR; };
		452298481EDD6DD100E78D32 /* TestFlappyCloud-Info.plist */ = {isa = PBXFileReference; lastKnownFileType = text.plist.xml; path = "TestFlappyCloud-Info.plist"; sourceTree = "<group>"; };
		452298491EDD6DD100E78D32 /* ResourcePath.mm */ = {isa = PBXFileReference; lastKnownFileType = sourcecode.cpp.objcpp; path = ResourcePath.mm; sourceTree = "<group>"; };
		4522984B1EDD6DD100E78D32 /* ResourcePath.hpp */ = {isa = PBXFileReference; lastKnownFileType = sourcecode.cpp.h; path = ResourcePath.hpp; sourceTree = "<group>"; };
		4522984C1EDD6DD100E78D32 /* main.cpp */ = {isa = PBXFileReference; lastKnownFileType = sourcecode.cpp.cpp; path = main.cpp; sourceTree = "<group>"; };
		4522984F1EDD6DD100E78D32 /* cute_image.jpg */ = {isa = PBXFileReference; lastKnownFileType = image.jpeg; path = cute_image.jpg; sourceTree = "<group>"; };
		452298511EDD6DD100E78D32 /* nice_music.ogg */ = {isa = PBXFileReference; lastKnownFileType = file; path = nice_music.ogg; sourceTree = "<group>"; };
		452298531EDD6DD100E78D32 /* sansation.ttf */ = {isa = PBXFileReference; lastKnownFileType = file; path = sansation.ttf; sourceTree = "<group>"; };
		452298551EDD6DD100E78D32 /* icon.png */ = {isa = PBXFileReference; lastKnownFileType = image.png; path = icon.png; sourceTree = "<group>"; };
		455C4C9C1ED83FF300271814 /* FlappyCloud.app */ = {isa = PBXFileReference; explicitFileType = wrapper.application; includeInIndex = 0; path = FlappyCloud.app; sourceTree = BUILT_PRODUCTS_DIR; };
		455C4CA01ED83FF300271814 /* FlappyCloud-Info.plist */ = {isa = PBXFileReference; lastKnownFileType = text.plist.xml; path = "FlappyCloud-Info.plist"; sourceTree = "<group>"; };
		455C4CA11ED83FF300271814 /* ResourcePath.mm */ = {isa = PBXFileReference; lastKnownFileType = sourcecode.cpp.objcpp; path = ResourcePath.mm; sourceTree = "<group>"; };
		455C4CA31ED83FF300271814 /* ResourcePath.hpp */ = {isa = PBXFileReference; lastKnownFileType = sourcecode.cpp.h; path = ResourcePath.hpp; sourceTree = "<group>"; };
		455C4CA41ED83FF300271814 /* main.cpp */ = {isa = PBXFileReference; lastKnownFileType = sourcecode.cpp.cpp; path = main.cpp; sourceTree = "<group>"; wrapsLines = 1; };
		455C4CAB1ED83FF300271814 /* sansation.ttf */ = {isa = PBXFileReference; lastKnownFileType = file; path = sansation.ttf; sourceTree = "<group>"; };
		455C4CAD1ED83FF300271814 /* icon.png */ = {isa = PBXFileReference; lastKnownFileType = image.png; path = icon.png; sourceTree = "<group>"; };
		455E14EB1EDC6704004E9EC1 /* ground.png */ = {isa = PBXFileReference; lastKnownFileType = image.png; path = ground.png; sourceTree = "<group>"; };
		455E14F31EDC81A6004E9EC1 /* storm.png */ = {isa = PBXFileReference; lastKnownFileType = image.png; path = storm.png; sourceTree = "<group>"; };
		4579EE2B1EDB46BC009BDB15 /* cloud.png */ = {isa = PBXFileReference; lastKnownFileType = image.png; path = cloud.png; sourceTree = "<group>"; };
		4579EE301EDB566C009BDB15 /* pugiconfig.hpp */ = {isa = PBXFileReference; fileEncoding = 4; lastKnownFileType = sourcecode.cpp.h; path = pugiconfig.hpp; sourceTree = "<group>"; };
		4579EE311EDB566C009BDB15 /* pugixml.cpp */ = {isa = PBXFileReference; fileEncoding = 4; lastKnownFileType = sourcecode.cpp.cpp; path = pugixml.cpp; sourceTree = "<group>"; };
		4579EE321EDB566C009BDB15 /* pugixml.hpp */ = {isa = PBXFileReference; fileEncoding = 4; lastKnownFileType = sourcecode.cpp.h; path = pugixml.hpp; sourceTree = "<group>"; };
		457FCE611EE9A1EE006D1863 /* ceilling.png */ = {isa = PBXFileReference; lastKnownFileType = image.png; path = ceilling.png; sourceTree = "<group>"; };
		457FCE691EE9A857006D1863 /* tornado.png */ = {isa = PBXFileReference; lastKnownFileType = image.png; path = tornado.png; sourceTree = "<group>"; };
		45D4B9651EF27E310082A079 /* ground2.png */ = {isa = PBXFileReference; lastKnownFileType = image.png; path = ground2.png; sourceTree = "<group>"; };
		45F2686F1ED84FA800372566 /* Box2D.h */ = {isa = PBXFileReference; fileEncoding = 4; lastKnownFileType = sourcecode.c.h; path = Box2D.h; sourceTree = "<group>"; };
		45F268711ED84FA800372566 /* b2BroadPhase.cpp */ = {isa = PBXFileReference; fileEncoding = 4; lastKnownFileType = sourcecode.cpp.cpp; path = b2BroadPhase.cpp; sourceTree = "<group>"; };
		45F268721ED84FA800372566 /* b2BroadPhase.h */ = {isa = PBXFileReference; fileEncoding = 4; lastKnownFileType = sourcecode.c.h; path = b2BroadPhase.h; sourceTree = "<group>"; };
		45F268731ED84FA800372566 /* b2CollideCircle.cpp */ = {isa = PBXFileReference; fileEncoding = 4; lastKnownFileType = sourcecode.cpp.cpp; path = b2CollideCircle.cpp; sourceTree = "<group>"; };
		45F268741ED84FA800372566 /* b2CollideEdge.cpp */ = {isa = PBXFileReference; fileEncoding = 4; lastKnownFileType = sourcecode.cpp.cpp; path = b2CollideEdge.cpp; sourceTree = "<group>"; };
		45F268751ED84FA800372566 /* b2CollidePolygon.cpp */ = {isa = PBXFileReference; fileEncoding = 4; lastKnownFileType = sourcecode.cpp.cpp; path = b2CollidePolygon.cpp; sourceTree = "<group>"; };
		45F268761ED84FA800372566 /* b2Collision.cpp */ = {isa = PBXFileReference; fileEncoding = 4; lastKnownFileType = sourcecode.cpp.cpp; path = b2Collision.cpp; sourceTree = "<group>"; };
		45F268771ED84FA800372566 /* b2Collision.h */ = {isa = PBXFileReference; fileEncoding = 4; lastKnownFileType = sourcecode.c.h; path = b2Collision.h; sourceTree = "<group>"; };
		45F268781ED84FA800372566 /* b2Distance.cpp */ = {isa = PBXFileReference; fileEncoding = 4; lastKnownFileType = sourcecode.cpp.cpp; path = b2Distance.cpp; sourceTree = "<group>"; };
		45F268791ED84FA800372566 /* b2Distance.h */ = {isa = PBXFileReference; fileEncoding = 4; lastKnownFileType = sourcecode.c.h; path = b2Distance.h; sourceTree = "<group>"; };
		45F2687A1ED84FA800372566 /* b2DynamicTree.cpp */ = {isa = PBXFileReference; fileEncoding = 4; lastKnownFileType = sourcecode.cpp.cpp; path = b2DynamicTree.cpp; sourceTree = "<group>"; };
		45F2687B1ED84FA800372566 /* b2DynamicTree.h */ = {isa = PBXFileReference; fileEncoding = 4; lastKnownFileType = sourcecode.c.h; path = b2DynamicTree.h; sourceTree = "<group>"; };
		45F2687C1ED84FA800372566 /* b2TimeOfImpact.cpp */ = {isa = PBXFileReference; fileEncoding = 4; lastKnownFileType = sourcecode.cpp.cpp; path = b2TimeOfImpact.cpp; sourceTree = "<group>"; };
		45F2687D1ED84FA800372566 /* b2TimeOfImpact.h */ = {isa = PBXFileReference; fileEncoding = 4; lastKnownFileType = sourcecode.c.h; path = b2TimeOfImpact.h; sourceTree = "<group>"; };
		45F2687F1ED84FA800372566 /* b2ChainShape.cpp */ = {isa = PBXFileReference; fileEncoding = 4; lastKnownFileType = sourcecode.cpp.cpp; path = b2ChainShape.cpp; sourceTree = "<group>"; };
		45F268801ED84FA800372566 /* b2ChainShape.h */ = {isa = PBXFileReference; fileEncoding = 4; lastKnownFileType = sourcecode.c.h; path = b2ChainShape.h; sourceTree = "<group>"; };
		45F268811ED84FA800372566 /* b2CircleShape.cpp */ = {isa = PBXFileReference; fileEncoding = 4; lastKnownFileType = sourcecode.cpp.cpp; path = b2CircleShape.cpp; sourceTree = "<group>"; };
		45F268821ED84FA800372566 /* b2CircleShape.h */ = {isa = PBXFileReference; fileEncoding = 4; lastKnownFileType = sourcecode.c.h; path = b2CircleShape.h; sourceTree = "<group>"; };
		45F268831ED84FA800372566 /* b2EdgeShape.cpp */ = {isa = PBXFileReference; fileEncoding = 4; lastKnownFileType = sourcecode.cpp.cpp; path = b2EdgeShape.cpp; sourceTree = "<group>"; };
		45F268841ED84FA800372566 /* b2EdgeShape.h */ = {isa = PBXFileReference; fileEncoding = 4; lastKnownFileType = sourcecode.c.h; path = b2EdgeShape.h; sourceTree = "<group>"; };
		45F268851ED84FA800372566 /* b2PolygonShape.cpp */ = {isa = PBXFileReference; fileEncoding = 4; lastKnownFileType = sourcecode.cpp.cpp; path = b2PolygonShape.cpp; sourceTree = "<group>"; };
		45F268861ED84FA800372566 /* b2PolygonShape.h */ = {isa = PBXFileReference; fileEncoding = 4; lastKnownFileType = sourcecode.c.h; path = b2PolygonShape.h; sourceTree = "<group>"; };
		45F268871ED84FA800372566 /* b2Shape.h */ = {isa = PBXFileReference; fileEncoding = 4; lastKnownFileType = sourcecode.c.h; path = b2Shape.h; sourceTree = "<group>"; };
		45F268891ED84FA800372566 /* b2BlockAllocator.cpp */ = {isa = PBXFileReference; fileEncoding = 4; lastKnownFileType = sourcecode.cpp.cpp; path = b2BlockAllocator.cpp; sourceTree = "<group>"; };
		45F2688A1ED84FA800372566 /* b2BlockAllocator.h */ = {isa = PBXFileReference; fileEncoding = 4; lastKnownFileType = sourcecode.c.h; path = b2BlockAllocator.h; sourceTree = "<group>"; };
		45F2688B1ED84FA800372566 /* b2Draw.cpp */ = {isa = PBXFileReference; fileEncoding = 4; lastKnownFileType = sourcecode.cpp.cpp; path = b2Draw.cpp; sourceTree = "<group>"; };
		45F2688C1ED84FA800372566 /* b2Draw.h */ = {isa = PBXFileReference; fileEncoding = 4; lastKnownFileType = sourcecode.c.h; path = b2Draw.h; sourceTree = "<group>"; };
		45F2688D1ED84FA800372566 /* b2GrowableStack.h */ = {isa = PBXFileReference; fileEncoding = 4; lastKnownFileType = sourcecode.c.h; path = b2GrowableStack.h; sourceTree = "<group>"; };
		45F2688E1ED84FA800372566 /* b2Math.cpp */ = {isa = PBXFileReference; fileEncoding = 4; lastKnownFileType = sourcecode.cpp.cpp; path = b2Math.cpp; sourceTree = "<group>"; };
		45F2688F1ED84FA800372566 /* b2Math.h */ = {isa = PBXFileReference; fileEncoding = 4; lastKnownFileType = sourcecode.c.h; path = b2Math.h; sourceTree = "<group>"; };
		45F268901ED84FA800372566 /* b2Settings.cpp */ = {isa = PBXFileReference; fileEncoding = 4; lastKnownFileType = sourcecode.cpp.cpp; path = b2Settings.cpp; sourceTree = "<group>"; };
		45F268911ED84FA800372566 /* b2Settings.h */ = {isa = PBXFileReference; fileEncoding = 4; lastKnownFileType = sourcecode.c.h; path = b2Settings.h; sourceTree = "<group>"; };
		45F268921ED84FA800372566 /* b2StackAllocator.cpp */ = {isa = PBXFileReference; fileEncoding = 4; lastKnownFileType = sourcecode.cpp.cpp; path = b2StackAllocator.cpp; sourceTree = "<group>"; };
		45F268931ED84FA800372566 /* b2StackAllocator.h */ = {isa = PBXFileReference; fileEncoding = 4; lastKnownFileType = sourcecode.c.h; path = b2StackAllocator.h; sourceTree = "<group>"; };
		45F268941ED84FA800372566 /* b2Timer.cpp */ = {isa = PBXFileReference; fileEncoding = 4; lastKnownFileType = sourcecode.cpp.cpp; path = b2Timer.cpp; sourceTree = "<group>"; };
		45F268951ED84FA800372566 /* b2Timer.h */ = {isa = PBXFileReference; fileEncoding = 4; lastKnownFileType = sourcecode.c.h; path = b2Timer.h; sourceTree = "<group>"; };
		45F268971ED84FA800372566 /* b2Body.cpp */ = {isa = PBXFileReference; fileEncoding = 4; lastKnownFileType = sourcecode.cpp.cpp; path = b2Body.cpp; sourceTree = "<group>"; };
		45F268981ED84FA800372566 /* b2Body.h */ = {isa = PBXFileReference; fileEncoding = 4; lastKnownFileType = sourcecode.c.h; path = b2Body.h; sourceTree = "<group>"; };
		45F268991ED84FA900372566 /* b2ContactManager.cpp */ = {isa = PBXFileReference; fileEncoding = 4; lastKnownFileType = sourcecode.cpp.cpp; path = b2ContactManager.cpp; sourceTree = "<group>"; };
		45F2689A1ED84FA900372566 /* b2ContactManager.h */ = {isa = PBXFileReference; fileEncoding = 4; lastKnownFileType = sourcecode.c.h; path = b2ContactManager.h; sourceTree = "<group>"; };
		45F2689B1ED84FA900372566 /* b2Fixture.cpp */ = {isa = PBXFileReference; fileEncoding = 4; lastKnownFileType = sourcecode.cpp.cpp; path = b2Fixture.cpp; sourceTree = "<group>"; };
		45F2689C1ED84FA900372566 /* b2Fixture.h */ = {isa = PBXFileReference; fileEncoding = 4; lastKnownFileType = sourcecode.c.h; path = b2Fixture.h; sourceTree = "<group>"; };
		45F2689D1ED84FA900372566 /* b2Island.cpp */ = {isa = PBXFileReference; fileEncoding = 4; lastKnownFileType = sourcecode.cpp.cpp; path = b2Island.cpp; sourceTree = "<group>"; };
		45F2689E1ED84FA900372566 /* b2Island.h */ = {isa = PBXFileReference; fileEncoding = 4; lastKnownFileType = sourcecode.c.h; path = b2Island.h; sourceTree = "<group>"; };
		45F2689F1ED84FA900372566 /* b2TimeStep.h */ = {isa = PBXFileReference; fileEncoding = 4; lastKnownFileType = sourcecode.c.h; path = b2TimeStep.h; sourceTree = "<group>"; };
		45F268A01ED84FA900372566 /* b2World.cpp */ = {isa = PBXFileReference; fileEncoding = 4; lastKnownFileType = sourcecode.cpp.cpp; path = b2World.cpp; sourceTree = "<group>"; };
		45F268A11ED84FA900372566 /* b2World.h */ = {isa = PBXFileReference; fileEncoding = 4; lastKnownFileType = sourcecode.c.h; path = b2World.h; sourceTree = "<group>"; };
		45F268A21ED84FA900372566 /* b2WorldCallbacks.cpp */ = {isa = PBXFileReference; fileEncoding = 4; lastKnownFileType = sourcecode.cpp.cpp; path = b2WorldCallbacks.cpp; sourceTree = "<group>"; };
		45F268A31ED84FA900372566 /* b2WorldCallbacks.h */ = {isa = PBXFileReference; fileEncoding = 4; lastKnownFileType = sourcecode.c.h; path = b2WorldCallbacks.h; sourceTree = "<group>"; };
		45F268A51ED84FA900372566 /* b2ChainAndCircleContact.cpp */ = {isa = PBXFileReference; fileEncoding = 4; lastKnownFileType = sourcecode.cpp.cpp; path = b2ChainAndCircleContact.cpp; sourceTree = "<group>"; };
		45F268A61ED84FA900372566 /* b2ChainAndCircleContact.h */ = {isa = PBXFileReference; fileEncoding = 4; lastKnownFileType = sourcecode.c.h; path = b2ChainAndCircleContact.h; sourceTree = "<group>"; };
		45F268A71ED84FA900372566 /* b2ChainAndPolygonContact.cpp */ = {isa = PBXFileReference; fileEncoding = 4; lastKnownFileType = sourcecode.cpp.cpp; path = b2ChainAndPolygonContact.cpp; sourceTree = "<group>"; };
		45F268A81ED84FA900372566 /* b2ChainAndPolygonContact.h */ = {isa = PBXFileReference; fileEncoding = 4; lastKnownFileType = sourcecode.c.h; path = b2ChainAndPolygonContact.h; sourceTree = "<group>"; };
		45F268A91ED84FA900372566 /* b2CircleContact.cpp */ = {isa = PBXFileReference; fileEncoding = 4; lastKnownFileType = sourcecode.cpp.cpp; path = b2CircleContact.cpp; sourceTree = "<group>"; };
		45F268AA1ED84FA900372566 /* b2CircleContact.h */ = {isa = PBXFileReference; fileEncoding = 4; lastKnownFileType = sourcecode.c.h; path = b2CircleContact.h; sourceTree = "<group>"; };
		45F268AB1ED84FA900372566 /* b2Contact.cpp */ = {isa = PBXFileReference; fileEncoding = 4; lastKnownFileType = sourcecode.cpp.cpp; path = b2Contact.cpp; sourceTree = "<group>"; };
		45F268AC1ED84FA900372566 /* b2Contact.h */ = {isa = PBXFileReference; fileEncoding = 4; lastKnownFileType = sourcecode.c.h; path = b2Contact.h; sourceTree = "<group>"; };
		45F268AD1ED84FA900372566 /* b2ContactSolver.cpp */ = {isa = PBXFileReference; fileEncoding = 4; lastKnownFileType = sourcecode.cpp.cpp; path = b2ContactSolver.cpp; sourceTree = "<group>"; };
		45F268AE1ED84FA900372566 /* b2ContactSolver.h */ = {isa = PBXFileReference; fileEncoding = 4; lastKnownFileType = sourcecode.c.h; path = b2ContactSolver.h; sourceTree = "<group>"; };
		45F268AF1ED84FA900372566 /* b2EdgeAndCircleContact.cpp */ = {isa = PBXFileReference; fileEncoding = 4; lastKnownFileType = sourcecode.cpp.cpp; path = b2EdgeAndCircleContact.cpp; sourceTree = "<group>"; };
		45F268B01ED84FA900372566 /* b2EdgeAndCircleContact.h */ = {isa = PBXFileReference; fileEncoding = 4; lastKnownFileType = sourcecode.c.h; path = b2EdgeAndCircleContact.h; sourceTree = "<group>"; };
		45F268B11ED84FA900372566 /* b2EdgeAndPolygonContact.cpp */ = {isa = PBXFileReference; fileEncoding = 4; lastKnownFileType = sourcecode.cpp.cpp; path = b2EdgeAndPolygonContact.cpp; sourceTree = "<group>"; };
		45F268B21ED84FA900372566 /* b2EdgeAndPolygonContact.h */ = {isa = PBXFileReference; fileEncoding = 4; lastKnownFileType = sourcecode.c.h; path = b2EdgeAndPolygonContact.h; sourceTree = "<group>"; };
		45F268B31ED84FA900372566 /* b2PolygonAndCircleContact.cpp */ = {isa = PBXFileReference; fileEncoding = 4; lastKnownFileType = sourcecode.cpp.cpp; path = b2PolygonAndCircleContact.cpp; sourceTree = "<group>"; };
		45F268B41ED84FA900372566 /* b2PolygonAndCircleContact.h */ = {isa = PBXFileReference; fileEncoding = 4; lastKnownFileType = sourcecode.c.h; path = b2PolygonAndCircleContact.h; sourceTree = "<group>"; };
		45F268B51ED84FA900372566 /* b2PolygonContact.cpp */ = {isa = PBXFileReference; fileEncoding = 4; lastKnownFileType = sourcecode.cpp.cpp; path = b2PolygonContact.cpp; sourceTree = "<group>"; };
		45F268B61ED84FA900372566 /* b2PolygonContact.h */ = {isa = PBXFileReference; fileEncoding = 4; lastKnownFileType = sourcecode.c.h; path = b2PolygonContact.h; sourceTree = "<group>"; };
		45F268B81ED84FA900372566 /* b2DistanceJoint.cpp */ = {isa = PBXFileReference; fileEncoding = 4; lastKnownFileType = sourcecode.cpp.cpp; path = b2DistanceJoint.cpp; sourceTree = "<group>"; };
		45F268B91ED84FA900372566 /* b2DistanceJoint.h */ = {isa = PBXFileReference; fileEncoding = 4; lastKnownFileType = sourcecode.c.h; path = b2DistanceJoint.h; sourceTree = "<group>"; };
		45F268BA1ED84FA900372566 /* b2FrictionJoint.cpp */ = {isa = PBXFileReference; fileEncoding = 4; lastKnownFileType = sourcecode.cpp.cpp; path = b2FrictionJoint.cpp; sourceTree = "<group>"; };
		45F268BB1ED84FA900372566 /* b2FrictionJoint.h */ = {isa = PBXFileReference; fileEncoding = 4; lastKnownFileType = sourcecode.c.h; path = b2FrictionJoint.h; sourceTree = "<group>"; };
		45F268BC1ED84FA900372566 /* b2GearJoint.cpp */ = {isa = PBXFileReference; fileEncoding = 4; lastKnownFileType = sourcecode.cpp.cpp; path = b2GearJoint.cpp; sourceTree = "<group>"; };
		45F268BD1ED84FA900372566 /* b2GearJoint.h */ = {isa = PBXFileReference; fileEncoding = 4; lastKnownFileType = sourcecode.c.h; path = b2GearJoint.h; sourceTree = "<group>"; };
		45F268BE1ED84FA900372566 /* b2Joint.cpp */ = {isa = PBXFileReference; fileEncoding = 4; lastKnownFileType = sourcecode.cpp.cpp; path = b2Joint.cpp; sourceTree = "<group>"; };
		45F268BF1ED84FA900372566 /* b2Joint.h */ = {isa = PBXFileReference; fileEncoding = 4; lastKnownFileType = sourcecode.c.h; path = b2Joint.h; sourceTree = "<group>"; };
		45F268C01ED84FA900372566 /* b2MotorJoint.cpp */ = {isa = PBXFileReference; fileEncoding = 4; lastKnownFileType = sourcecode.cpp.cpp; path = b2MotorJoint.cpp; sourceTree = "<group>"; };
		45F268C11ED84FA900372566 /* b2MotorJoint.h */ = {isa = PBXFileReference; fileEncoding = 4; lastKnownFileType = sourcecode.c.h; path = b2MotorJoint.h; sourceTree = "<group>"; };
		45F268C21ED84FA900372566 /* b2MouseJoint.cpp */ = {isa = PBXFileReference; fileEncoding = 4; lastKnownFileType = sourcecode.cpp.cpp; path = b2MouseJoint.cpp; sourceTree = "<group>"; };
		45F268C31ED84FA900372566 /* b2MouseJoint.h */ = {isa = PBXFileReference; fileEncoding = 4; lastKnownFileType = sourcecode.c.h; path = b2MouseJoint.h; sourceTree = "<group>"; };
		45F268C41ED84FA900372566 /* b2PrismaticJoint.cpp */ = {isa = PBXFileReference; fileEncoding = 4; lastKnownFileType = sourcecode.cpp.cpp; path = b2PrismaticJoint.cpp; sourceTree = "<group>"; };
		45F268C51ED84FA900372566 /* b2PrismaticJoint.h */ = {isa = PBXFileReference; fileEncoding = 4; lastKnownFileType = sourcecode.c.h; path = b2PrismaticJoint.h; sourceTree = "<group>"; };
		45F268C61ED84FA900372566 /* b2PulleyJoint.cpp */ = {isa = PBXFileReference; fileEncoding = 4; lastKnownFileType = sourcecode.cpp.cpp; path = b2PulleyJoint.cpp; sourceTree = "<group>"; };
		45F268C71ED84FA900372566 /* b2PulleyJoint.h */ = {isa = PBXFileReference; fileEncoding = 4; lastKnownFileType = sourcecode.c.h; path = b2PulleyJoint.h; sourceTree = "<group>"; };
		45F268C81ED84FA900372566 /* b2RevoluteJoint.cpp */ = {isa = PBXFileReference; fileEncoding = 4; lastKnownFileType = sourcecode.cpp.cpp; path = b2RevoluteJoint.cpp; sourceTree = "<group>"; };
		45F268C91ED84FA900372566 /* b2RevoluteJoint.h */ = {isa = PBXFileReference; fileEncoding = 4; lastKnownFileType = sourcecode.c.h; path = b2RevoluteJoint.h; sourceTree = "<group>"; };
		45F268CA1ED84FA900372566 /* b2RopeJoint.cpp */ = {isa = PBXFileReference; fileEncoding = 4; lastKnownFileType = sourcecode.cpp.cpp; path = b2RopeJoint.cpp; sourceTree = "<group>"; };
		45F268CB1ED84FA900372566 /* b2RopeJoint.h */ = {isa = PBXFileReference; fileEncoding = 4; lastKnownFileType = sourcecode.c.h; path = b2RopeJoint.h; sourceTree = "<group>"; };
		45F268CC1ED84FA900372566 /* b2WeldJoint.cpp */ = {isa = PBXFileReference; fileEncoding = 4; lastKnownFileType = sourcecode.cpp.cpp; path = b2WeldJoint.cpp; sourceTree = "<group>"; };
		45F268CD1ED84FA900372566 /* b2WeldJoint.h */ = {isa = PBXFileReference; fileEncoding = 4; lastKnownFileType = sourcecode.c.h; path = b2WeldJoint.h; sourceTree = "<group>"; };
		45F268CE1ED84FA900372566 /* b2WheelJoint.cpp */ = {isa = PBXFileReference; fileEncoding = 4; lastKnownFileType = sourcecode.cpp.cpp; path = b2WheelJoint.cpp; sourceTree = "<group>"; };
		45F268CF1ED84FA900372566 /* b2WheelJoint.h */ = {isa = PBXFileReference; fileEncoding = 4; lastKnownFileType = sourcecode.c.h; path = b2WheelJoint.h; sourceTree = "<group>"; };
		45F268D11ED84FA900372566 /* b2Rope.cpp */ = {isa = PBXFileReference; fileEncoding = 4; lastKnownFileType = sourcecode.cpp.cpp; path = b2Rope.cpp; sourceTree = "<group>"; };
		45F268D21ED84FA900372566 /* b2Rope.h */ = {isa = PBXFileReference; fileEncoding = 4; lastKnownFileType = sourcecode.c.h; path = b2Rope.h; sourceTree = "<group>"; };
		45F269011ED8500700372566 /* box.png */ = {isa = PBXFileReference; lastKnownFileType = image.png; path = box.png; sourceTree = "<group>"; };
/* End PBXFileReference section */

/* Begin PBXFrameworksBuildPhase section */
		452298411EDD6DD100E78D32 /* Frameworks */ = {
			isa = PBXFrameworksBuildPhase;
			buildActionMask = 2147483647;
			files = (
			);
			runOnlyForDeploymentPostprocessing = 0;
		};
		455C4C981ED83FF300271814 /* Frameworks */ = {
			isa = PBXFrameworksBuildPhase;
			buildActionMask = 2147483647;
			files = (
			);
			runOnlyForDeploymentPostprocessing = 0;
		};
/* End PBXFrameworksBuildPhase section */

/* Begin PBXGroup section */
		452298461EDD6DD100E78D32 /* TestFlappyCloud */ = {
			isa = PBXGroup;
			children = (
				452298491EDD6DD100E78D32 /* ResourcePath.mm */,
				4522984B1EDD6DD100E78D32 /* ResourcePath.hpp */,
				4522984C1EDD6DD100E78D32 /* main.cpp */,
				4522984E1EDD6DD100E78D32 /* Resources */,
				452298471EDD6DD100E78D32 /* Supporting Files */,
			);
			path = TestFlappyCloud;
			sourceTree = "<group>";
		};
		452298471EDD6DD100E78D32 /* Supporting Files */ = {
			isa = PBXGroup;
			children = (
				452298481EDD6DD100E78D32 /* TestFlappyCloud-Info.plist */,
			);
			name = "Supporting Files";
			sourceTree = "<group>";
		};
		4522984E1EDD6DD100E78D32 /* Resources */ = {
			isa = PBXGroup;
			children = (
				4522984F1EDD6DD100E78D32 /* cute_image.jpg */,
				452298511EDD6DD100E78D32 /* nice_music.ogg */,
				452298531EDD6DD100E78D32 /* sansation.ttf */,
				452298551EDD6DD100E78D32 /* icon.png */,
			);
			name = Resources;
			sourceTree = "<group>";
		};
		455C4C921ED83FF300271814 = {
			isa = PBXGroup;
			children = (
				4579EE2F1EDB566C009BDB15 /* pugixml */,
				45F2686E1ED84FA800372566 /* Box2D */,
				455C4C9E1ED83FF300271814 /* FlappyCloud */,
				452298461EDD6DD100E78D32 /* TestFlappyCloud */,
				455C4C9D1ED83FF300271814 /* Products */,
			);
			sourceTree = "<group>";
		};
		455C4C9D1ED83FF300271814 /* Products */ = {
			isa = PBXGroup;
			children = (
				455C4C9C1ED83FF300271814 /* FlappyCloud.app */,
				452298451EDD6DD100E78D32 /* TestFlappyCloud.app */,
			);
			name = Products;
			sourceTree = "<group>";
		};
		455C4C9E1ED83FF300271814 /* FlappyCloud */ = {
			isa = PBXGroup;
			children = (
				455C4CA41ED83FF300271814 /* main.cpp */,
				09722B8C1F4F592F000CF83C /* cloud.h */,
				09722B8D1F4F5D25000CF83C /* cloud.cpp */,
				09EC02241F50ACDD00E266F6 /* ground.hpp */,
				09EC02231F50ACDD00E266F6 /* ground.cpp */,
				09EC02271F50AE6D00E266F6 /* ceilling.hpp */,
				09EC02261F50AE6D00E266F6 /* ceilling.cpp */,
				09EC022A1F50B05300E266F6 /* obstacle.hpp */,
				09EC02291F50B05300E266F6 /* obstacle.cpp */,
				09EC022C1F50B1CB00E266F6 /* storm.cpp */,
				09EC022D1F50B1CB00E266F6 /* storm.hpp */,
				09EC022F1F50B33400E266F6 /* tornado.cpp */,
				09EC02301F50B33400E266F6 /* tornado.hpp */,
				09EC02321F50B57000E266F6 /* block.cpp */,
				09EC02331F50B57000E266F6 /* block.hpp */,
				09722B911F4F609A000CF83C /* basic_functions.h */,
				09722B901F4F609A000CF83C /* basic_functions.cpp */,
				09722B8F1F4F5F45000CF83C /* globals.h */,
				091AD4041F4F781B0093C0D7 /* globals.cpp */,
				455C4CA11ED83FF300271814 /* ResourcePath.mm */,
				455C4CA31ED83FF300271814 /* ResourcePath.hpp */,
				455C4CA61ED83FF300271814 /* Resources */,
				455C4C9F1ED83FF300271814 /* Supporting Files */,
			);
			name = FlappyCloud;
			path = "Flappy Cloud";
			sourceTree = "<group>";
		};
		455C4C9F1ED83FF300271814 /* Supporting Files */ = {
			isa = PBXGroup;
			children = (
				455C4CA01ED83FF300271814 /* FlappyCloud-Info.plist */,
			);
			name = "Supporting Files";
			sourceTree = "<group>";
		};
		455C4CA61ED83FF300271814 /* Resources */ = {
			isa = PBXGroup;
			children = (
				09722B881F4F4F33000CF83C /* data.xml */,
				45F269011ED8500700372566 /* box.png */,
				4579EE2B1EDB46BC009BDB15 /* cloud.png */,
				457FCE611EE9A1EE006D1863 /* ceilling.png */,
				45D4B9651EF27E310082A079 /* ground2.png */,
				457FCE691EE9A857006D1863 /* tornado.png */,
				455E14EB1EDC6704004E9EC1 /* ground.png */,
				455E14F31EDC81A6004E9EC1 /* storm.png */,
				455C4CAB1ED83FF300271814 /* sansation.ttf */,
				455C4CAD1ED83FF300271814 /* icon.png */,
			);
			name = Resources;
			sourceTree = "<group>";
		};
		4579EE2F1EDB566C009BDB15 /* pugixml */ = {
			isa = PBXGroup;
			children = (
				4579EE301EDB566C009BDB15 /* pugiconfig.hpp */,
				4579EE311EDB566C009BDB15 /* pugixml.cpp */,
				4579EE321EDB566C009BDB15 /* pugixml.hpp */,
			);
			path = pugixml;
			sourceTree = "<group>";
		};
		45F2686E1ED84FA800372566 /* Box2D */ = {
			isa = PBXGroup;
			children = (
				45F2686F1ED84FA800372566 /* Box2D.h */,
				45F268701ED84FA800372566 /* Collision */,
				45F268881ED84FA800372566 /* Common */,
				45F268961ED84FA800372566 /* Dynamics */,
				45F268D01ED84FA900372566 /* Rope */,
			);
			path = Box2D;
			sourceTree = "<group>";
		};
		45F268701ED84FA800372566 /* Collision */ = {
			isa = PBXGroup;
			children = (
				45F268711ED84FA800372566 /* b2BroadPhase.cpp */,
				45F268721ED84FA800372566 /* b2BroadPhase.h */,
				45F268731ED84FA800372566 /* b2CollideCircle.cpp */,
				45F268741ED84FA800372566 /* b2CollideEdge.cpp */,
				45F268751ED84FA800372566 /* b2CollidePolygon.cpp */,
				45F268761ED84FA800372566 /* b2Collision.cpp */,
				45F268771ED84FA800372566 /* b2Collision.h */,
				45F268781ED84FA800372566 /* b2Distance.cpp */,
				45F268791ED84FA800372566 /* b2Distance.h */,
				45F2687A1ED84FA800372566 /* b2DynamicTree.cpp */,
				45F2687B1ED84FA800372566 /* b2DynamicTree.h */,
				45F2687C1ED84FA800372566 /* b2TimeOfImpact.cpp */,
				45F2687D1ED84FA800372566 /* b2TimeOfImpact.h */,
				45F2687E1ED84FA800372566 /* Shapes */,
			);
			path = Collision;
			sourceTree = "<group>";
		};
		45F2687E1ED84FA800372566 /* Shapes */ = {
			isa = PBXGroup;
			children = (
				45F2687F1ED84FA800372566 /* b2ChainShape.cpp */,
				45F268801ED84FA800372566 /* b2ChainShape.h */,
				45F268811ED84FA800372566 /* b2CircleShape.cpp */,
				45F268821ED84FA800372566 /* b2CircleShape.h */,
				45F268831ED84FA800372566 /* b2EdgeShape.cpp */,
				45F268841ED84FA800372566 /* b2EdgeShape.h */,
				45F268851ED84FA800372566 /* b2PolygonShape.cpp */,
				45F268861ED84FA800372566 /* b2PolygonShape.h */,
				45F268871ED84FA800372566 /* b2Shape.h */,
			);
			path = Shapes;
			sourceTree = "<group>";
		};
		45F268881ED84FA800372566 /* Common */ = {
			isa = PBXGroup;
			children = (
				45F268891ED84FA800372566 /* b2BlockAllocator.cpp */,
				45F2688A1ED84FA800372566 /* b2BlockAllocator.h */,
				45F2688B1ED84FA800372566 /* b2Draw.cpp */,
				45F2688C1ED84FA800372566 /* b2Draw.h */,
				45F2688D1ED84FA800372566 /* b2GrowableStack.h */,
				45F2688E1ED84FA800372566 /* b2Math.cpp */,
				45F2688F1ED84FA800372566 /* b2Math.h */,
				45F268901ED84FA800372566 /* b2Settings.cpp */,
				45F268911ED84FA800372566 /* b2Settings.h */,
				45F268921ED84FA800372566 /* b2StackAllocator.cpp */,
				45F268931ED84FA800372566 /* b2StackAllocator.h */,
				45F268941ED84FA800372566 /* b2Timer.cpp */,
				45F268951ED84FA800372566 /* b2Timer.h */,
			);
			path = Common;
			sourceTree = "<group>";
		};
		45F268961ED84FA800372566 /* Dynamics */ = {
			isa = PBXGroup;
			children = (
				45F268971ED84FA800372566 /* b2Body.cpp */,
				45F268981ED84FA800372566 /* b2Body.h */,
				45F268991ED84FA900372566 /* b2ContactManager.cpp */,
				45F2689A1ED84FA900372566 /* b2ContactManager.h */,
				45F2689B1ED84FA900372566 /* b2Fixture.cpp */,
				45F2689C1ED84FA900372566 /* b2Fixture.h */,
				45F2689D1ED84FA900372566 /* b2Island.cpp */,
				45F2689E1ED84FA900372566 /* b2Island.h */,
				45F2689F1ED84FA900372566 /* b2TimeStep.h */,
				45F268A01ED84FA900372566 /* b2World.cpp */,
				45F268A11ED84FA900372566 /* b2World.h */,
				45F268A21ED84FA900372566 /* b2WorldCallbacks.cpp */,
				45F268A31ED84FA900372566 /* b2WorldCallbacks.h */,
				45F268A41ED84FA900372566 /* Contacts */,
				45F268B71ED84FA900372566 /* Joints */,
			);
			path = Dynamics;
			sourceTree = "<group>";
		};
		45F268A41ED84FA900372566 /* Contacts */ = {
			isa = PBXGroup;
			children = (
				45F268A51ED84FA900372566 /* b2ChainAndCircleContact.cpp */,
				45F268A61ED84FA900372566 /* b2ChainAndCircleContact.h */,
				45F268A71ED84FA900372566 /* b2ChainAndPolygonContact.cpp */,
				45F268A81ED84FA900372566 /* b2ChainAndPolygonContact.h */,
				45F268A91ED84FA900372566 /* b2CircleContact.cpp */,
				45F268AA1ED84FA900372566 /* b2CircleContact.h */,
				45F268AB1ED84FA900372566 /* b2Contact.cpp */,
				45F268AC1ED84FA900372566 /* b2Contact.h */,
				45F268AD1ED84FA900372566 /* b2ContactSolver.cpp */,
				45F268AE1ED84FA900372566 /* b2ContactSolver.h */,
				45F268AF1ED84FA900372566 /* b2EdgeAndCircleContact.cpp */,
				45F268B01ED84FA900372566 /* b2EdgeAndCircleContact.h */,
				45F268B11ED84FA900372566 /* b2EdgeAndPolygonContact.cpp */,
				45F268B21ED84FA900372566 /* b2EdgeAndPolygonContact.h */,
				45F268B31ED84FA900372566 /* b2PolygonAndCircleContact.cpp */,
				45F268B41ED84FA900372566 /* b2PolygonAndCircleContact.h */,
				45F268B51ED84FA900372566 /* b2PolygonContact.cpp */,
				45F268B61ED84FA900372566 /* b2PolygonContact.h */,
			);
			path = Contacts;
			sourceTree = "<group>";
		};
		45F268B71ED84FA900372566 /* Joints */ = {
			isa = PBXGroup;
			children = (
				45F268B81ED84FA900372566 /* b2DistanceJoint.cpp */,
				45F268B91ED84FA900372566 /* b2DistanceJoint.h */,
				45F268BA1ED84FA900372566 /* b2FrictionJoint.cpp */,
				45F268BB1ED84FA900372566 /* b2FrictionJoint.h */,
				45F268BC1ED84FA900372566 /* b2GearJoint.cpp */,
				45F268BD1ED84FA900372566 /* b2GearJoint.h */,
				45F268BE1ED84FA900372566 /* b2Joint.cpp */,
				45F268BF1ED84FA900372566 /* b2Joint.h */,
				45F268C01ED84FA900372566 /* b2MotorJoint.cpp */,
				45F268C11ED84FA900372566 /* b2MotorJoint.h */,
				45F268C21ED84FA900372566 /* b2MouseJoint.cpp */,
				45F268C31ED84FA900372566 /* b2MouseJoint.h */,
				45F268C41ED84FA900372566 /* b2PrismaticJoint.cpp */,
				45F268C51ED84FA900372566 /* b2PrismaticJoint.h */,
				45F268C61ED84FA900372566 /* b2PulleyJoint.cpp */,
				45F268C71ED84FA900372566 /* b2PulleyJoint.h */,
				45F268C81ED84FA900372566 /* b2RevoluteJoint.cpp */,
				45F268C91ED84FA900372566 /* b2RevoluteJoint.h */,
				45F268CA1ED84FA900372566 /* b2RopeJoint.cpp */,
				45F268CB1ED84FA900372566 /* b2RopeJoint.h */,
				45F268CC1ED84FA900372566 /* b2WeldJoint.cpp */,
				45F268CD1ED84FA900372566 /* b2WeldJoint.h */,
				45F268CE1ED84FA900372566 /* b2WheelJoint.cpp */,
				45F268CF1ED84FA900372566 /* b2WheelJoint.h */,
			);
			path = Joints;
			sourceTree = "<group>";
		};
		45F268D01ED84FA900372566 /* Rope */ = {
			isa = PBXGroup;
			children = (
				45F268D11ED84FA900372566 /* b2Rope.cpp */,
				45F268D21ED84FA900372566 /* b2Rope.h */,
			);
			path = Rope;
			sourceTree = "<group>";
		};
/* End PBXGroup section */

/* Begin PBXNativeTarget section */
		452298441EDD6DD100E78D32 /* TestFlappyCloud */ = {
			isa = PBXNativeTarget;
			buildConfigurationList = 452298571EDD6DD100E78D32 /* Build configuration list for PBXNativeTarget "TestFlappyCloud" */;
			buildPhases = (
				452298401EDD6DD100E78D32 /* Sources */,
				452298411EDD6DD100E78D32 /* Frameworks */,
				452298421EDD6DD100E78D32 /* Resources */,
				452298431EDD6DD100E78D32 /* ShellScript */,
			);
			buildRules = (
			);
			dependencies = (
			);
			name = TestFlappyCloud;
			productName = TestFlappyCloud;
			productReference = 452298451EDD6DD100E78D32 /* TestFlappyCloud.app */;
			productType = "com.apple.product-type.application";
		};
		455C4C9B1ED83FF300271814 /* FlappyCloud */ = {
			isa = PBXNativeTarget;
			buildConfigurationList = 455C4CB11ED83FF300271814 /* Build configuration list for PBXNativeTarget "FlappyCloud" */;
			buildPhases = (
				455C4C971ED83FF300271814 /* Sources */,
				455C4C981ED83FF300271814 /* Frameworks */,
				455C4C991ED83FF300271814 /* Resources */,
				455C4C9A1ED83FF300271814 /* ShellScript */,
				09EC021F1F50A70200E266F6 /* CopyFiles */,
			);
			buildRules = (
			);
			dependencies = (
			);
			name = FlappyCloud;
			productName = "Flappy Cloud";
			productReference = 455C4C9C1ED83FF300271814 /* FlappyCloud.app */;
			productType = "com.apple.product-type.application";
		};
/* End PBXNativeTarget section */

/* Begin PBXProject section */
		455C4C931ED83FF300271814 /* Project object */ = {
			isa = PBXProject;
			attributes = {
				LastUpgradeCheck = 0830;
				ORGANIZATIONNAME = Appdea;
				TargetAttributes = {
					452298441EDD6DD100E78D32 = {
						CreatedOnToolsVersion = 8.3.2;
						ProvisioningStyle = Automatic;
					};
					455C4C9B1ED83FF300271814 = {
						CreatedOnToolsVersion = 8.3.2;
						ProvisioningStyle = Automatic;
					};
				};
			};
			buildConfigurationList = 455C4C961ED83FF300271814 /* Build configuration list for PBXProject "FlappyCloud" */;
			compatibilityVersion = "Xcode 3.2";
			developmentRegion = English;
			hasScannedForEncodings = 0;
			knownRegions = (
				en,
			);
			mainGroup = 455C4C921ED83FF300271814;
			productRefGroup = 455C4C9D1ED83FF300271814 /* Products */;
			projectDirPath = "";
			projectRoot = "";
			targets = (
				455C4C9B1ED83FF300271814 /* FlappyCloud */,
				452298441EDD6DD100E78D32 /* TestFlappyCloud */,
			);
		};
/* End PBXProject section */

/* Begin PBXResourcesBuildPhase section */
		452298421EDD6DD100E78D32 /* Resources */ = {
			isa = PBXResourcesBuildPhase;
			buildActionMask = 2147483647;
			files = (
				452298561EDD6DD100E78D32 /* icon.png in Resources */,
				452298541EDD6DD100E78D32 /* sansation.ttf in Resources */,
				452298521EDD6DD100E78D32 /* nice_music.ogg in Resources */,
				452298501EDD6DD100E78D32 /* cute_image.jpg in Resources */,
			);
			runOnlyForDeploymentPostprocessing = 0;
		};
		455C4C991ED83FF300271814 /* Resources */ = {
			isa = PBXResourcesBuildPhase;
			buildActionMask = 2147483647;
			files = (
				455E14EC1EDC6704004E9EC1 /* ground.png in Resources */,
				09722B891F4F4F33000CF83C /* data.xml in Resources */,
				45D4B9661EF27E310082A079 /* ground2.png in Resources */,
				457FCE6A1EE9A857006D1863 /* tornado.png in Resources */,
				457FCE621EE9A1EE006D1863 /* ceilling.png in Resources */,
				455E14F41EDC81A6004E9EC1 /* storm.png in Resources */,
				455C4CAE1ED83FF300271814 /* icon.png in Resources */,
				4579EE2C1EDB46BC009BDB15 /* cloud.png in Resources */,
				455C4CAC1ED83FF300271814 /* sansation.ttf in Resources */,
				45F269021ED8500700372566 /* box.png in Resources */,
			);
			runOnlyForDeploymentPostprocessing = 0;
		};
/* End PBXResourcesBuildPhase section */

/* Begin PBXShellScriptBuildPhase section */
		452298431EDD6DD100E78D32 /* ShellScript */ = {
			isa = PBXShellScriptBuildPhase;
			buildActionMask = 2147483647;
			files = (
			);
			inputPaths = (
			);
			outputPaths = (
			);
			runOnlyForDeploymentPostprocessing = 0;
			shellPath = /bin/sh;
			shellScript = "# This shell script simply copies required SFML dylibs/frameworks into the application bundle frameworks folder.\n# If you're using static libraries (which is not recommended) you should remove this script from your project.\n\n# SETTINGS\nCMAKE_INSTALL_FRAMEWORK_PREFIX=\"/Library/Frameworks\"\nCMAKE_INSTALL_LIB_PREFIX=\"/usr/local/lib\"\nFRAMEWORKS_FULL_PATH=\"$BUILT_PRODUCTS_DIR/$FRAMEWORKS_FOLDER_PATH/\"\n\n# Are we building a project that uses frameworks or dylibs?\ncase \"$SFML_BINARY_TYPE\" in\n    DYLIBS)\n        frameworks=\"false\"\n        ;;\n    *)\n        frameworks=\"true\"\n        ;;\nesac\n\n# Echoes to stderr\nerror () # $* message to display\n{\n    echo $* 1>&2\n    exit 2\n}\n\nassert () # $1 is a boolean, $2...N is an error message\n{\n    if [ $# -lt 2 ]\n    then\n        error \"Internal error in assert: not enough args\"\n    fi\n\n    if [ $1 -ne 0 ]\n    then\n        shift\n        error \"$*\"\n    fi\n}\n\nforce_remove () # $@ is some paths\n{\n    test $# -ge 1\n    assert $? \"force_remove() requires at least one parameter\"\n    rm -fr $@\n    assert $? \"couldn't remove $@\"\n}\n\ncopy () # $1 is a source, $2 is a destination\n{\n    test $# -eq 2\n    assert $? \"copy() requires two parameters\"\n    ditto \"$1\" \"$2\"\n    assert $? \"couldn't copy $1 to $2\"\n}\n\nrequire () # $1 is a SFML module like 'system' or 'audio'\n{\n    dest=\"$BUILT_PRODUCTS_DIR/$FRAMEWORKS_FOLDER_PATH/\"\n\n    if [ -z \"$1\" ]\n    then\n        error \"require() requires one parameter!\"\n    else\n        # clean potentially old stuff\n        force_remove \"$dest/libsfml-$1\"*\n        force_remove \"$dest/sfml-$1.framework\"\n\n        # copy SFML libraries\n        if [ \"$frameworks\" = \"true\" ]\n        then\n            source=\"$CMAKE_INSTALL_FRAMEWORK_PREFIX/sfml-$1.framework\"\n            target=\"sfml-$1.framework\"\n        elif [ \"$SFML_LINK_DYLIBS_SUFFIX\" = \"-d\" ]\n        then\n            source=\"$CMAKE_INSTALL_LIB_PREFIX/libsfml-$1-d.dylib\"\n            target=\"`readlink $source`\"\n        else\n            source=\"$CMAKE_INSTALL_LIB_PREFIX/libsfml-$1.dylib\"\n            target=\"`readlink $source`\"\n        fi\n\n        copy \"$source\" \"$dest/$target\"\n\n        # copy extra dependencies\n        if [ \"$1\" = \"audio\" ]\n        then\n            # copy \"FLAC\" \"ogg\" \"vorbis\" \"vorbisenc\" \"vorbisfile\" \"OpenAL\" frameworks too\n            for f in \"FLAC\" \"ogg\" \"vorbis\" \"vorbisenc\" \"vorbisfile\" \"OpenAL\"\n            do\n                copy \"$CMAKE_INSTALL_FRAMEWORK_PREFIX/$f.framework\" \"$dest/$f.framework\"\n            done\n        elif [ \"$1\" = \"graphics\" ]\n        then\n            copy \"$CMAKE_INSTALL_FRAMEWORK_PREFIX/freetype.framework\" \"$dest/freetype.framework\"\n        fi\n    fi\n}\n\nif [ -n \"$SFML_SYSTEM\" ]\nthen\n    require \"system\"\nfi\n\nif [ -n \"$SFML_AUDIO\" ]\nthen\n    require \"audio\"\nfi\n\nif [ -n \"$SFML_NETWORK\" ]\nthen\n    require \"network\"\nfi\n\nif [ -n \"$SFML_WINDOW\" ]\nthen\n    require \"window\"\nfi\n\nif [ -n \"$SFML_GRAPHICS\" ]\nthen\n    require \"graphics\"\nfi\n\n                ";
		};
		455C4C9A1ED83FF300271814 /* ShellScript */ = {
			isa = PBXShellScriptBuildPhase;
			buildActionMask = 2147483647;
			files = (
			);
			inputPaths = (
			);
			outputPaths = (
			);
			runOnlyForDeploymentPostprocessing = 0;
			shellPath = /bin/sh;
			shellScript = "# This shell script simply copies required SFML dylibs/frameworks into the application bundle frameworks folder.\n# If you're using static libraries (which is not recommended) you should remove this script from your project.\n\n# SETTINGS\nCMAKE_INSTALL_FRAMEWORK_PREFIX=\"/Library/Frameworks\"\nCMAKE_INSTALL_LIB_PREFIX=\"/usr/local/lib\"\nFRAMEWORKS_FULL_PATH=\"$BUILT_PRODUCTS_DIR/$FRAMEWORKS_FOLDER_PATH/\"\n\n# Are we building a project that uses frameworks or dylibs?\ncase \"$SFML_BINARY_TYPE\" in\n    DYLIBS)\n        frameworks=\"false\"\n        ;;\n    *)\n        frameworks=\"true\"\n        ;;\nesac\n\n# Echoes to stderr\nerror () # $* message to display\n{\n    echo $* 1>&2\n    exit 2\n}\n\nassert () # $1 is a boolean, $2...N is an error message\n{\n    if [ $# -lt 2 ]\n    then\n        error \"Internal error in assert: not enough args\"\n    fi\n\n    if [ $1 -ne 0 ]\n    then\n        shift\n        error \"$*\"\n    fi\n}\n\nforce_remove () # $@ is some paths\n{\n    test $# -ge 1\n    assert $? \"force_remove() requires at least one parameter\"\n    rm -fr $@\n    assert $? \"couldn't remove $@\"\n}\n\ncopy () # $1 is a source, $2 is a destination\n{\n    test $# -eq 2\n    assert $? \"copy() requires two parameters\"\n    ditto \"$1\" \"$2\"\n    assert $? \"couldn't copy $1 to $2\"\n}\n\nrequire () # $1 is a SFML module like 'system' or 'audio'\n{\n    dest=\"$BUILT_PRODUCTS_DIR/$FRAMEWORKS_FOLDER_PATH/\"\n\n    if [ -z \"$1\" ]\n    then\n        error \"require() requires one parameter!\"\n    else\n        # clean potentially old stuff\n        force_remove \"$dest/libsfml-$1\"*\n        force_remove \"$dest/sfml-$1.framework\"\n\n        # copy SFML libraries\n        if [ \"$frameworks\" = \"true\" ]\n        then\n            source=\"$CMAKE_INSTALL_FRAMEWORK_PREFIX/sfml-$1.framework\"\n            target=\"sfml-$1.framework\"\n        elif [ \"$SFML_LINK_DYLIBS_SUFFIX\" = \"-d\" ]\n        then\n            source=\"$CMAKE_INSTALL_LIB_PREFIX/libsfml-$1-d.dylib\"\n            target=\"`readlink $source`\"\n        else\n            source=\"$CMAKE_INSTALL_LIB_PREFIX/libsfml-$1.dylib\"\n            target=\"`readlink $source`\"\n        fi\n\n        copy \"$source\" \"$dest/$target\"\n\n        # copy extra dependencies\n        if [ \"$1\" = \"audio\" ]\n        then\n            # copy \"FLAC\" \"ogg\" \"vorbis\" \"vorbisenc\" \"vorbisfile\" \"OpenAL\" frameworks too\n            for f in \"FLAC\" \"ogg\" \"vorbis\" \"vorbisenc\" \"vorbisfile\" \"OpenAL\"\n            do\n                copy \"$CMAKE_INSTALL_FRAMEWORK_PREFIX/$f.framework\" \"$dest/$f.framework\"\n            done\n        elif [ \"$1\" = \"graphics\" ]\n        then\n            copy \"$CMAKE_INSTALL_FRAMEWORK_PREFIX/freetype.framework\" \"$dest/freetype.framework\"\n        fi\n    fi\n}\n\nif [ -n \"$SFML_SYSTEM\" ]\nthen\n    require \"system\"\nfi\n\nif [ -n \"$SFML_AUDIO\" ]\nthen\n    require \"audio\"\nfi\n\nif [ -n \"$SFML_NETWORK\" ]\nthen\n    require \"network\"\nfi\n\nif [ -n \"$SFML_WINDOW\" ]\nthen\n    require \"window\"\nfi\n\nif [ -n \"$SFML_GRAPHICS\" ]\nthen\n    require \"graphics\"\nfi\n\n                ";
		};
/* End PBXShellScriptBuildPhase section */

/* Begin PBXSourcesBuildPhase section */
		452298401EDD6DD100E78D32 /* Sources */ = {
			isa = PBXSourcesBuildPhase;
			buildActionMask = 2147483647;
			files = (
				4522984D1EDD6DD100E78D32 /* main.cpp in Sources */,
				4522984A1EDD6DD100E78D32 /* ResourcePath.mm in Sources */,
			);
			runOnlyForDeploymentPostprocessing = 0;
		};
		455C4C971ED83FF300271814 /* Sources */ = {
			isa = PBXSourcesBuildPhase;
			buildActionMask = 2147483647;
			files = (
				45F268F91ED84FA900372566 /* b2MouseJoint.cpp in Sources */,
				45F268D31ED84FA900372566 /* b2BroadPhase.cpp in Sources */,
				455C4CA51ED83FF300271814 /* main.cpp in Sources */,
				09722B8E1F4F5D25000CF83C /* cloud.cpp in Sources */,
				45F268E71ED84FA900372566 /* b2Fixture.cpp in Sources */,
				45F268DE1ED84FA900372566 /* b2PolygonShape.cpp in Sources */,
				45F268DB1ED84FA900372566 /* b2ChainShape.cpp in Sources */,
				45F268F61ED84FA900372566 /* b2GearJoint.cpp in Sources */,
				45F268F01ED84FA900372566 /* b2EdgeAndCircleContact.cpp in Sources */,
				45F268F71ED84FA900372566 /* b2Joint.cpp in Sources */,
				45F268E11ED84FA900372566 /* b2Math.cpp in Sources */,
				45F268FC1ED84FA900372566 /* b2RevoluteJoint.cpp in Sources */,
				09EC02251F50ACDD00E266F6 /* ground.cpp in Sources */,
				09EC02281F50AE6D00E266F6 /* ceilling.cpp in Sources */,
				45F268D71ED84FA900372566 /* b2Collision.cpp in Sources */,
				45F268DD1ED84FA900372566 /* b2EdgeShape.cpp in Sources */,
				45F268EF1ED84FA900372566 /* b2ContactSolver.cpp in Sources */,
				45F268EB1ED84FA900372566 /* b2ChainAndCircleContact.cpp in Sources */,
				45F268ED1ED84FA900372566 /* b2CircleContact.cpp in Sources */,
				45F268EE1ED84FA900372566 /* b2Contact.cpp in Sources */,
				45F268F51ED84FA900372566 /* b2FrictionJoint.cpp in Sources */,
				45F268FD1ED84FA900372566 /* b2RopeJoint.cpp in Sources */,
				45F268D51ED84FA900372566 /* b2CollideEdge.cpp in Sources */,
				4579EE331EDB566C009BDB15 /* pugixml.cpp in Sources */,
				45F268DC1ED84FA900372566 /* b2CircleShape.cpp in Sources */,
				45F269001ED84FA900372566 /* b2Rope.cpp in Sources */,
				45F268F81ED84FA900372566 /* b2MotorJoint.cpp in Sources */,
				45F268D61ED84FA900372566 /* b2CollidePolygon.cpp in Sources */,
				09EC02311F50B33400E266F6 /* tornado.cpp in Sources */,
				45F268FA1ED84FA900372566 /* b2PrismaticJoint.cpp in Sources */,
				45F268F31ED84FA900372566 /* b2PolygonContact.cpp in Sources */,
				09EC02341F50B57000E266F6 /* block.cpp in Sources */,
				45F268DF1ED84FA900372566 /* b2BlockAllocator.cpp in Sources */,
				09EC022E1F50B1CB00E266F6 /* storm.cpp in Sources */,
				45F268E51ED84FA900372566 /* b2Body.cpp in Sources */,
				45F268E61ED84FA900372566 /* b2ContactManager.cpp in Sources */,
				45F268DA1ED84FA900372566 /* b2TimeOfImpact.cpp in Sources */,
				45F268D41ED84FA900372566 /* b2CollideCircle.cpp in Sources */,
				45F268FE1ED84FA900372566 /* b2WeldJoint.cpp in Sources */,
				45F268D81ED84FA900372566 /* b2Distance.cpp in Sources */,
				09722B921F4F609A000CF83C /* basic_functions.cpp in Sources */,
				45F268EA1ED84FA900372566 /* b2WorldCallbacks.cpp in Sources */,
				45F268E21ED84FA900372566 /* b2Settings.cpp in Sources */,
				45F268E91ED84FA900372566 /* b2World.cpp in Sources */,
				45F268F21ED84FA900372566 /* b2PolygonAndCircleContact.cpp in Sources */,
				45F268F11ED84FA900372566 /* b2EdgeAndPolygonContact.cpp in Sources */,
				45F268E01ED84FA900372566 /* b2Draw.cpp in Sources */,
				455C4CA21ED83FF300271814 /* ResourcePath.mm in Sources */,
				45F268E81ED84FA900372566 /* b2Island.cpp in Sources */,
				091AD4051F4F781B0093C0D7 /* globals.cpp in Sources */,
				45F268F41ED84FA900372566 /* b2DistanceJoint.cpp in Sources */,
				45F268E41ED84FA900372566 /* b2Timer.cpp in Sources */,
				45F268D91ED84FA900372566 /* b2DynamicTree.cpp in Sources */,
				45F268E31ED84FA900372566 /* b2StackAllocator.cpp in Sources */,
				45F268FF1ED84FA900372566 /* b2WheelJoint.cpp in Sources */,
				09EC022B1F50B05300E266F6 /* obstacle.cpp in Sources */,
				45F268EC1ED84FA900372566 /* b2ChainAndPolygonContact.cpp in Sources */,
				45F268FB1ED84FA900372566 /* b2PulleyJoint.cpp in Sources */,
			);
			runOnlyForDeploymentPostprocessing = 0;
		};
/* End PBXSourcesBuildPhase section */

/* Begin XCBuildConfiguration section */
		452298581EDD6DD100E78D32 /* Debug */ = {
			isa = XCBuildConfiguration;
			buildSettings = {
				INFOPLIST_FILE = "TestFlappyCloud/TestFlappyCloud-Info.plist";
				LD_RUNPATH_SEARCH_PATHS = "@loader_path/../Frameworks";
				OTHER_LDFLAGS = (
					"$(inherited)",
					"$(SFML_SYSTEM)",
					"$(SFML_WINDOW)",
					"$(SFML_GRAPHICS)",
					"$(SFML_AUDIO)",
					"$(SFML_NETWORK)",
					/usr/local/lib/gtest.a,
				);
				PRODUCT_NAME = "$(TARGET_NAME)";
			};
			name = Debug;
		};
		452298591EDD6DD100E78D32 /* Release */ = {
			isa = XCBuildConfiguration;
			buildSettings = {
				INFOPLIST_FILE = "TestFlappyCloud/TestFlappyCloud-Info.plist";
				LD_RUNPATH_SEARCH_PATHS = "@loader_path/../Frameworks";
				OTHER_LDFLAGS = (
					"$(inherited)",
					"$(SFML_SYSTEM)",
					"$(SFML_WINDOW)",
					"$(SFML_GRAPHICS)",
					"$(SFML_AUDIO)",
					"$(SFML_NETWORK)",
					/usr/local/lib/gtest.a,
				);
				PRODUCT_NAME = "$(TARGET_NAME)";
			};
			name = Release;
		};
		455C4CAF1ED83FF300271814 /* Debug */ = {
			isa = XCBuildConfiguration;
			buildSettings = {
				ARCHS = "$(NATIVE_ARCH_ACTUAL)";
				CLANG_CXX_LANGUAGE_STANDARD = "c++1y";
				CLANG_CXX_LIBRARY = "libc++";
				FRAMEWORK_SEARCH_PATHS = (
					/Library/Frameworks/,
					"$(inherited)",
				);
				GCC_VERSION = com.apple.compilers.llvm.clang.1_0;
				HEADER_SEARCH_PATHS = (
					/usr/local/include/,
					"$(inherited)",
				);
				LIBRARY_SEARCH_PATHS = (
					/usr/local/lib/,
					"$(inherited)",
				);
				MACOSX_DEPLOYMENT_TARGET = 10.7;
				OTHER_LDFLAGS = (
					"$(inherited)",
					"$(SFML_SYSTEM)",
					"$(SFML_WINDOW)",
					"$(SFML_GRAPHICS)",
					"$(SFML_AUDIO)",
					"$(SFML_NETWORK)",
				);
				SFML_AUDIO = "$(SFML_LINK_PREFIX) sfml-audio$(SFML_LINK_SUFFIX)";
				SFML_BINARY_TYPE = FRAMEWORKS;
				SFML_GRAPHICS = "$(SFML_LINK_PREFIX) sfml-graphics$(SFML_LINK_SUFFIX)";
				SFML_LINK_DYLIBS_PREFIX = "-l";
				SFML_LINK_DYLIBS_SUFFIX = "";
				SFML_LINK_FRAMEWORKS_PREFIX = "-framework";
				SFML_LINK_FRAMEWORKS_SUFFIX = "";
				SFML_LINK_PREFIX = "$(SFML_LINK_$(SFML_BINARY_TYPE)_PREFIX)";
				SFML_LINK_SUFFIX = "$(SFML_LINK_$(SFML_BINARY_TYPE)_SUFFIX)";
				SFML_NETWORK = "$(SFML_LINK_PREFIX) sfml-network$(SFML_LINK_SUFFIX)";
				SFML_SYSTEM = "$(SFML_LINK_PREFIX) sfml-system$(SFML_LINK_SUFFIX)";
				SFML_WINDOW = "$(SFML_LINK_PREFIX) sfml-window$(SFML_LINK_SUFFIX)";
				SUPPORTED_PLATFORMS = macosx;
			};
			name = Debug;
		};
		455C4CB01ED83FF300271814 /* Release */ = {
			isa = XCBuildConfiguration;
			buildSettings = {
				ARCHS = "$(NATIVE_ARCH_ACTUAL)";
				CLANG_CXX_LANGUAGE_STANDARD = "c++1y";
				CLANG_CXX_LIBRARY = "libc++";
				FRAMEWORK_SEARCH_PATHS = (
					/Library/Frameworks/,
					"$(inherited)",
				);
				GCC_VERSION = com.apple.compilers.llvm.clang.1_0;
				HEADER_SEARCH_PATHS = (
					/usr/local/include/,
					"$(inherited)",
				);
				LIBRARY_SEARCH_PATHS = (
					/usr/local/lib/,
					"$(inherited)",
				);
				MACOSX_DEPLOYMENT_TARGET = 10.7;
				OTHER_LDFLAGS = (
					"$(inherited)",
					"$(SFML_SYSTEM)",
					"$(SFML_WINDOW)",
					"$(SFML_GRAPHICS)",
					"$(SFML_AUDIO)",
					"$(SFML_NETWORK)",
				);
				SFML_AUDIO = "$(SFML_LINK_PREFIX) sfml-audio$(SFML_LINK_SUFFIX)";
				SFML_BINARY_TYPE = FRAMEWORKS;
				SFML_GRAPHICS = "$(SFML_LINK_PREFIX) sfml-graphics$(SFML_LINK_SUFFIX)";
				SFML_LINK_DYLIBS_PREFIX = "-l";
				SFML_LINK_DYLIBS_SUFFIX = "";
				SFML_LINK_FRAMEWORKS_PREFIX = "-framework";
				SFML_LINK_FRAMEWORKS_SUFFIX = "";
				SFML_LINK_PREFIX = "$(SFML_LINK_$(SFML_BINARY_TYPE)_PREFIX)";
				SFML_LINK_SUFFIX = "$(SFML_LINK_$(SFML_BINARY_TYPE)_SUFFIX)";
				SFML_NETWORK = "$(SFML_LINK_PREFIX) sfml-network$(SFML_LINK_SUFFIX)";
				SFML_SYSTEM = "$(SFML_LINK_PREFIX) sfml-system$(SFML_LINK_SUFFIX)";
				SFML_WINDOW = "$(SFML_LINK_PREFIX) sfml-window$(SFML_LINK_SUFFIX)";
				SUPPORTED_PLATFORMS = macosx;
			};
			name = Release;
		};
		455C4CB21ED83FF300271814 /* Debug */ = {
			isa = XCBuildConfiguration;
			buildSettings = {
				HEADER_SEARCH_PATHS = (
					/usr/local/include/,
					"$(PROJECT_DIR)/**",
					"$(inherited)",
				);
				INFOPLIST_FILE = "Flappy Cloud/FlappyCloud-Info.plist";
				LD_RUNPATH_SEARCH_PATHS = "@loader_path/../Frameworks";
				OTHER_LDFLAGS = (
					"$(inherited)",
					"$(SFML_SYSTEM)",
					"$(SFML_WINDOW)",
					"$(SFML_GRAPHICS)",
					"$(SFML_AUDIO)",
					"$(SFML_NETWORK)",
				);
				PRODUCT_NAME = "$(TARGET_NAME)";
			};
			name = Debug;
		};
		455C4CB31ED83FF300271814 /* Release */ = {
			isa = XCBuildConfiguration;
			buildSettings = {
				HEADER_SEARCH_PATHS = (
					/usr/local/include/,
					"$(PROJECT_DIR)/**",
					"$(inherited)",
				);
				INFOPLIST_FILE = "Flappy Cloud/FlappyCloud-Info.plist";
				LD_RUNPATH_SEARCH_PATHS = "@loader_path/../Frameworks";
				OTHER_LDFLAGS = (
					"$(inherited)",
					"$(SFML_SYSTEM)",
					"$(SFML_WINDOW)",
					"$(SFML_GRAPHICS)",
					"$(SFML_AUDIO)",
					"$(SFML_NETWORK)",
				);
				PRODUCT_NAME = "$(TARGET_NAME)";
			};
			name = Release;
		};
/* End XCBuildConfiguration section */

/* Begin XCConfigurationList section */
		452298571EDD6DD100E78D32 /* Build configuration list for PBXNativeTarget "TestFlappyCloud" */ = {
			isa = XCConfigurationList;
			buildConfigurations = (
				452298581EDD6DD100E78D32 /* Debug */,
				452298591EDD6DD100E78D32 /* Release */,
			);
			defaultConfigurationIsVisible = 0;
			defaultConfigurationName = Release;
		};
		455C4C961ED83FF300271814 /* Build configuration list for PBXProject "FlappyCloud" */ = {
			isa = XCConfigurationList;
			buildConfigurations = (
				455C4CAF1ED83FF300271814 /* Debug */,
				455C4CB01ED83FF300271814 /* Release */,
			);
			defaultConfigurationIsVisible = 0;
			defaultConfigurationName = Release;
		};
		455C4CB11ED83FF300271814 /* Build configuration list for PBXNativeTarget "FlappyCloud" */ = {
			isa = XCConfigurationList;
			buildConfigurations = (
				455C4CB21ED83FF300271814 /* Debug */,
				455C4CB31ED83FF300271814 /* Release */,
			);
			defaultConfigurationIsVisible = 0;
			defaultConfigurationName = Release;
		};
/* End XCConfigurationList section */
	};
	rootObject = 455C4C931ED83FF300271814 /* Project object */;
}
